
Microsoft Visual Studio Solution File, Format Version 11.00
# Visual C# Express 2010
Project("{FAE04EC0-301F-11D3-BF4B-00C04F79EFBC}") = "PluginView", "PluginView\PluginView.csproj", "{6D56CBA0-1F4F-444E-BC0B-03442D8C66D4}"
EndProject
Project("{FAE04EC0-301F-11D3-BF4B-00C04F79EFBC}") = "Plugin-AlphaVespucci", "Plugin-MapAlphaVespucci\Plugin-AlphaVespucci.csproj", "{1BE56C46-DEA2-492E-BE76-F4A900C63435}"
EndProject
Global
	GlobalSection(SolutionConfigurationPlatforms) = preSolution
		Debug|Any CPU = Debug|Any CPU
		Debug|Mixed Platforms = Debug|Mixed Platforms
		Debug|x86 = Debug|x86
		Release|Any CPU = Release|Any CPU
		Release|Mixed Platforms = Release|Mixed Platforms
		Release|x86 = Release|x86
	EndGlobalSection
	GlobalSection(ProjectConfigurationPlatforms) = postSolution
		{6D56CBA0-1F4F-444E-BC0B-03442D8C66D4}.Debug|Any CPU.ActiveCfg = Debug|Any CPU
		{6D56CBA0-1F4F-444E-BC0B-03442D8C66D4}.Debug|Any CPU.Build.0 = Debug|Any CPU
		{6D56CBA0-1F4F-444E-BC0B-03442D8C66D4}.Debug|Mixed Platforms.ActiveCfg = Debug|Any CPU
		{6D56CBA0-1F4F-444E-BC0B-03442D8C66D4}.Debug|Mixed Platforms.Build.0 = Debug|Any CPU
		{6D56CBA0-1F4F-444E-BC0B-03442D8C66D4}.Debug|x86.ActiveCfg = Debug|Any CPU
		{6D56CBA0-1F4F-444E-BC0B-03442D8C66D4}.Release|Any CPU.ActiveCfg = Release|Any CPU
		{6D56CBA0-1F4F-444E-BC0B-03442D8C66D4}.Release|Any CPU.Build.0 = Release|Any CPU
		{6D56CBA0-1F4F-444E-BC0B-03442D8C66D4}.Release|Mixed Platforms.ActiveCfg = Release|Any CPU
		{6D56CBA0-1F4F-444E-BC0B-03442D8C66D4}.Release|Mixed Platforms.Build.0 = Release|Any CPU
		{6D56CBA0-1F4F-444E-BC0B-03442D8C66D4}.Release|x86.ActiveCfg = Release|Any CPU
		{1BE56C46-DEA2-492E-BE76-F4A900C63435}.Debug|Any CPU.ActiveCfg = Debug|Any CPU
		{1BE56C46-DEA2-492E-BE76-F4A900C63435}.Debug|Any CPU.Build.0 = Debug|Any CPU
		{1BE56C46-DEA2-492E-BE76-F4A900C63435}.Debug|Mixed Platforms.ActiveCfg = Debug|Any CPU
		{1BE56C46-DEA2-492E-BE76-F4A900C63435}.Debug|Mixed Platforms.Build.0 = Debug|Any CPU
		{1BE56C46-DEA2-492E-BE76-F4A900C63435}.Debug|x86.ActiveCfg = Debug|Any CPU
		{1BE56C46-DEA2-492E-BE76-F4A900C63435}.Release|Any CPU.ActiveCfg = Release|Any CPU
		{1BE56C46-DEA2-492E-BE76-F4A900C63435}.Release|Any CPU.Build.0 = Release|Any CPU
		{1BE56C46-DEA2-492E-BE76-F4A900C63435}.Release|Mixed Platforms.ActiveCfg = Release|Any CPU
		{1BE56C46-DEA2-492E-BE76-F4A900C63435}.Release|Mixed Platforms.Build.0 = Release|Any CPU
		{1BE56C46-DEA2-492E-BE76-F4A900C63435}.Release|x86.ActiveCfg = Release|Any CPU
	EndGlobalSection
	GlobalSection(SolutionProperties) = preSolution
		HideSolutionNode = FALSE
	EndGlobalSection
EndGlobal
