Microsoft Visual Studio Solution File, Format Version 11.00
# Visual C# Express 2010
Project("{FAE04EC0-301F-11D3-BF4B-00C04F79EFBC}") = "EMM", "EMM\EMM.csproj", "{E6CD972B-28CF-4096-8E1A-368AD575A62C}"
EndProject
Project("{FAE04EC0-301F-11D3-BF4B-00C04F79EFBC}") = "LibNbt", "LibNbt\LibNbt.csproj", "{4488498D-976D-4DA3-BF72-109531AF0488}"
EndProject
Project("{FAE04EC0-301F-11D3-BF4B-00C04F79EFBC}") = "Server", "Server\Server.csproj", "{FA641914-FBA9-4109-A9A6-A7C9CC356739}"
EndProject
Project("{FAE04EC0-301F-11D3-BF4B-00C04F79EFBC}") = "MinecraftSimulator", "MinecraftSimulator\MinecraftSimulator.csproj", "{0D7FFBF5-9340-47AE-B8DC-73131D35DBB2}"
EndProject
Project("{FAE04EC0-301F-11D3-BF4B-00C04F79EFBC}") = "Tests", "Tests\Tests.csproj", "{483C8D87-5418-4226-9F54-08475EE633A1}"
EndProject
Project("{FAE04EC0-301F-11D3-BF4B-00C04F79EFBC}") = "Interfaces", "Interfaces\Interfaces.csproj", "{970B78FB-587F-48FD-89B5-222B448FE10B}"
EndProject
Global
	GlobalSection(SolutionConfigurationPlatforms) = preSolution
		Debug|Any CPU = Debug|Any CPU
		Debug|Mixed Platforms = Debug|Mixed Platforms
		Debug|x86 = Debug|x86
		Release|Any CPU = Release|Any CPU
		Release|Mixed Platforms = Release|Mixed Platforms
		Release|x86 = Release|x86
	EndGlobalSection
	GlobalSection(ProjectConfigurationPlatforms) = postSolution
		{E6CD972B-28CF-4096-8E1A-368AD575A62C}.Debug|Any CPU.ActiveCfg = Debug|Any CPU
		{E6CD972B-28CF-4096-8E1A-368AD575A62C}.Debug|Any CPU.Build.0 = Debug|Any CPU
		{E6CD972B-28CF-4096-8E1A-368AD575A62C}.Debug|Mixed Platforms.ActiveCfg = Debug|Any CPU
		{E6CD972B-28CF-4096-8E1A-368AD575A62C}.Debug|Mixed Platforms.Build.0 = Debug|Any CPU
		{E6CD972B-28CF-4096-8E1A-368AD575A62C}.Debug|x86.ActiveCfg = Release|Any CPU
		{E6CD972B-28CF-4096-8E1A-368AD575A62C}.Debug|x86.Build.0 = Release|Any CPU
		{E6CD972B-28CF-4096-8E1A-368AD575A62C}.Release|Any CPU.ActiveCfg = Release|Any CPU
		{E6CD972B-28CF-4096-8E1A-368AD575A62C}.Release|Any CPU.Build.0 = Release|Any CPU
		{E6CD972B-28CF-4096-8E1A-368AD575A62C}.Release|Mixed Platforms.ActiveCfg = Release|Any CPU
		{E6CD972B-28CF-4096-8E1A-368AD575A62C}.Release|Mixed Platforms.Build.0 = Release|Any CPU
		{E6CD972B-28CF-4096-8E1A-368AD575A62C}.Release|x86.ActiveCfg = Release|Any CPU
		{E6CD972B-28CF-4096-8E1A-368AD575A62C}.Release|x86.Build.0 = Release|Any CPU
		{4488498D-976D-4DA3-BF72-109531AF0488}.Debug|Any CPU.ActiveCfg = Debug|Any CPU
		{4488498D-976D-4DA3-BF72-109531AF0488}.Debug|Any CPU.Build.0 = Debug|Any CPU
		{4488498D-976D-4DA3-BF72-109531AF0488}.Debug|Mixed Platforms.ActiveCfg = Debug|Any CPU
		{4488498D-976D-4DA3-BF72-109531AF0488}.Debug|Mixed Platforms.Build.0 = Debug|Any CPU
		{4488498D-976D-4DA3-BF72-109531AF0488}.Debug|x86.ActiveCfg = Release|Any CPU
		{4488498D-976D-4DA3-BF72-109531AF0488}.Debug|x86.Build.0 = Release|Any CPU
		{4488498D-976D-4DA3-BF72-109531AF0488}.Release|Any CPU.ActiveCfg = Release|Any CPU
		{4488498D-976D-4DA3-BF72-109531AF0488}.Release|Any CPU.Build.0 = Release|Any CPU
		{4488498D-976D-4DA3-BF72-109531AF0488}.Release|Mixed Platforms.ActiveCfg = Release|Any CPU
		{4488498D-976D-4DA3-BF72-109531AF0488}.Release|Mixed Platforms.Build.0 = Release|Any CPU
		{4488498D-976D-4DA3-BF72-109531AF0488}.Release|x86.ActiveCfg = Release|Any CPU
		{4488498D-976D-4DA3-BF72-109531AF0488}.Release|x86.Build.0 = Release|Any CPU
		{FA641914-FBA9-4109-A9A6-A7C9CC356739}.Debug|Any CPU.ActiveCfg = Debug|x86
		{FA641914-FBA9-4109-A9A6-A7C9CC356739}.Debug|Any CPU.Build.0 = Debug|x86
		{FA641914-FBA9-4109-A9A6-A7C9CC356739}.Debug|Mixed Platforms.ActiveCfg = Debug|x86
		{FA641914-FBA9-4109-A9A6-A7C9CC356739}.Debug|Mixed Platforms.Build.0 = Debug|x86
		{FA641914-FBA9-4109-A9A6-A7C9CC356739}.Debug|x86.ActiveCfg = Release|x86
		{FA641914-FBA9-4109-A9A6-A7C9CC356739}.Debug|x86.Build.0 = Release|x86
		{FA641914-FBA9-4109-A9A6-A7C9CC356739}.Release|Any CPU.ActiveCfg = Release|x86
		{FA641914-FBA9-4109-A9A6-A7C9CC356739}.Release|Any CPU.Build.0 = Release|x86
		{FA641914-FBA9-4109-A9A6-A7C9CC356739}.Release|Mixed Platforms.ActiveCfg = Release|x86
		{FA641914-FBA9-4109-A9A6-A7C9CC356739}.Release|Mixed Platforms.Build.0 = Release|x86
		{FA641914-FBA9-4109-A9A6-A7C9CC356739}.Release|x86.ActiveCfg = Release|x86
		{FA641914-FBA9-4109-A9A6-A7C9CC356739}.Release|x86.Build.0 = Release|x86
		{0D7FFBF5-9340-47AE-B8DC-73131D35DBB2}.Debug|Any CPU.ActiveCfg = Debug|x86
		{0D7FFBF5-9340-47AE-B8DC-73131D35DBB2}.Debug|Any CPU.Build.0 = Debug|x86
		{0D7FFBF5-9340-47AE-B8DC-73131D35DBB2}.Debug|Mixed Platforms.ActiveCfg = Debug|x86
		{0D7FFBF5-9340-47AE-B8DC-73131D35DBB2}.Debug|Mixed Platforms.Build.0 = Debug|x86
		{0D7FFBF5-9340-47AE-B8DC-73131D35DBB2}.Debug|x86.ActiveCfg = Release|x86
		{0D7FFBF5-9340-47AE-B8DC-73131D35DBB2}.Debug|x86.Build.0 = Release|x86
		{0D7FFBF5-9340-47AE-B8DC-73131D35DBB2}.Release|Any CPU.ActiveCfg = Release|x86
		{0D7FFBF5-9340-47AE-B8DC-73131D35DBB2}.Release|Any CPU.Build.0 = Release|x86
		{0D7FFBF5-9340-47AE-B8DC-73131D35DBB2}.Release|Mixed Platforms.ActiveCfg = Release|x86
		{0D7FFBF5-9340-47AE-B8DC-73131D35DBB2}.Release|Mixed Platforms.Build.0 = Release|x86
		{0D7FFBF5-9340-47AE-B8DC-73131D35DBB2}.Release|x86.ActiveCfg = Release|x86
		{0D7FFBF5-9340-47AE-B8DC-73131D35DBB2}.Release|x86.Build.0 = Release|x86
		{483C8D87-5418-4226-9F54-08475EE633A1}.Debug|Any CPU.ActiveCfg = Debug|Any CPU
		{483C8D87-5418-4226-9F54-08475EE633A1}.Debug|Any CPU.Build.0 = Debug|Any CPU
		{483C8D87-5418-4226-9F54-08475EE633A1}.Debug|Mixed Platforms.ActiveCfg = Debug|Any CPU
		{483C8D87-5418-4226-9F54-08475EE633A1}.Debug|Mixed Platforms.Build.0 = Debug|Any CPU
		{483C8D87-5418-4226-9F54-08475EE633A1}.Debug|x86.ActiveCfg = Debug|Any CPU
		{483C8D87-5418-4226-9F54-08475EE633A1}.Release|Any CPU.ActiveCfg = Release|Any CPU
		{483C8D87-5418-4226-9F54-08475EE633A1}.Release|Any CPU.Build.0 = Release|Any CPU
		{483C8D87-5418-4226-9F54-08475EE633A1}.Release|Mixed Platforms.ActiveCfg = Release|Any CPU
		{483C8D87-5418-4226-9F54-08475EE633A1}.Release|Mixed Platforms.Build.0 = Release|Any CPU
		{483C8D87-5418-4226-9F54-08475EE633A1}.Release|x86.ActiveCfg = Release|Any CPU
		{483C8D87-5418-4226-9F54-08475EE633A1}.Release|x86.Build.0 = Release|Any CPU
		{970B78FB-587F-48FD-89B5-222B448FE10B}.Debug|Any CPU.ActiveCfg = Debug|Any CPU
		{970B78FB-587F-48FD-89B5-222B448FE10B}.Debug|Any CPU.Build.0 = Debug|Any CPU
		{970B78FB-587F-48FD-89B5-222B448FE10B}.Debug|Mixed Platforms.ActiveCfg = Debug|Any CPU
		{970B78FB-587F-48FD-89B5-222B448FE10B}.Debug|Mixed Platforms.Build.0 = Debug|Any CPU
		{970B78FB-587F-48FD-89B5-222B448FE10B}.Debug|x86.ActiveCfg = Debug|Any CPU
		{970B78FB-587F-48FD-89B5-222B448FE10B}.Release|Any CPU.ActiveCfg = Release|Any CPU
		{970B78FB-587F-48FD-89B5-222B448FE10B}.Release|Any CPU.Build.0 = Release|Any CPU
		{970B78FB-587F-48FD-89B5-222B448FE10B}.Release|Mixed Platforms.ActiveCfg = Release|Any CPU
		{970B78FB-587F-48FD-89B5-222B448FE10B}.Release|Mixed Platforms.Build.0 = Release|Any CPU
		{970B78FB-587F-48FD-89B5-222B448FE10B}.Release|x86.ActiveCfg = Release|Any CPU
	EndGlobalSection
	GlobalSection(SolutionProperties) = preSolution
		HideSolutionNode = FALSE
	EndGlobalSection
EndGlobal
